# This file was autogenerated by Stack.
# You should not edit this file by hand.
# For more information, please see the documentation at:
#   https://docs.haskellstack.org/en/stable/lock_files

packages:
- completed:
    hackage: sexpresso-1.2.3.0@sha256:b78a541302fe87f2976af344527a400049ae66fdfd7c78ba1fc08f1ffc8df250,2087
    pantry-tree:
      sha256: 59e73a1087b5da8d3b23a39b3e3bb9ad97bc1afd4e8e5124c7c1eb3c06283868
      size: 1153
  original:
    hackage: sexpresso-1.2.3.0
snapshots:
- completed:
    sha256: a81fb3877c4f9031e1325eb3935122e608d80715dc16b586eb11ddbff8671ecd
    size: 640086
    url: https://raw.githubusercontent.com/commercialhaskell/stackage-snapshots/master/lts/21/25.yaml
  original: lts-21.25
